
Microsoft Visual Studio Solution File, Format Version 12.00
# Visual Studio Version 17
VisualStudioVersion = 17.8.34408.163
MinimumVisualStudioVersion = 10.0.40219.1
Project("{FAE04EC0-301F-11D3-BF4B-00C04F79EFBC}") = "1DArrayExample", "1DArrayExample\1DArrayExample.csproj", "{69DF786B-C1E3-42EE-A853-8911C7707624}"
EndProject
Global
	GlobalSection(SolutionConfigurationPlatforms) = preSolution
		Debug|Any CPU = Debug|Any CPU
		Release|Any CPU = Release|Any CPU
	EndGlobalSection
	GlobalSection(ProjectConfigurationPlatforms) = postSolution
		{69DF786B-C1E3-42EE-A853-8911C7707624}.Debug|Any CPU.ActiveCfg = Debug|Any CPU
		{69DF786B-C1E3-42EE-A853-8911C7707624}.Debug|Any CPU.Build.0 = Debug|Any CPU
		{69DF786B-C1E3-42EE-A853-8911C7707624}.Release|Any CPU.ActiveCfg = Release|Any CPU
		{69DF786B-C1E3-42EE-A853-8911C7707624}.Release|Any CPU.Build.0 = Release|Any CPU
	EndGlobalSection
	GlobalSection(SolutionProperties) = preSolution
		HideSolutionNode = FALSE
	EndGlobalSection
	GlobalSection(ExtensibilityGlobals) = postSolution
		SolutionGuid = {C46F8C0E-2883-447D-A6A1-56630169FC91}
	EndGlobalSection
EndGlobal
